
Microsoft Visual Studio Solution File, Format Version 12.00
# Visual Studio Version 17
VisualStudioVersion = 17.1.32328.378
MinimumVisualStudioVersion = 10.0.40219.1
Project("{8BC9CEB8-8B4A-11D0-8D11-00A0C91BC942}") = "Fecha", "Fecha\Fecha.vcxproj", "{AC5DE1E0-D248-4695-BB57-D651ADAFD72C}"
EndProject
Global
	GlobalSection(SolutionConfigurationPlatforms) = preSolution
		Debug|x64 = Debug|x64
		Debug|x86 = Debug|x86
		Release|x64 = Release|x64
		Release|x86 = Release|x86
	EndGlobalSection
	GlobalSection(ProjectConfigurationPlatforms) = postSolution
		{AC5DE1E0-D248-4695-BB57-D651ADAFD72C}.Debug|x64.ActiveCfg = Debug|x64
		{AC5DE1E0-D248-4695-BB57-D651ADAFD72C}.Debug|x64.Build.0 = Debug|x64
		{AC5DE1E0-D248-4695-BB57-D651ADAFD72C}.Debug|x86.ActiveCfg = Debug|Win32
		{AC5DE1E0-D248-4695-BB57-D651ADAFD72C}.Debug|x86.Build.0 = Debug|Win32
		{AC5DE1E0-D248-4695-BB57-D651ADAFD72C}.Release|x64.ActiveCfg = Release|x64
		{AC5DE1E0-D248-4695-BB57-D651ADAFD72C}.Release|x64.Build.0 = Release|x64
		{AC5DE1E0-D248-4695-BB57-D651ADAFD72C}.Release|x86.ActiveCfg = Release|Win32
		{AC5DE1E0-D248-4695-BB57-D651ADAFD72C}.Release|x86.Build.0 = Release|Win32
	EndGlobalSection
	GlobalSection(SolutionProperties) = preSolution
		HideSolutionNode = FALSE
	EndGlobalSection
	GlobalSection(ExtensibilityGlobals) = postSolution
		SolutionGuid = {77ADED3F-3F26-4DF1-9930-95198E94D019}
	EndGlobalSection
EndGlobal
